
Microsoft Visual Studio Solution File, Format Version 12.00
# Visual Studio Version 17
VisualStudioVersion = 17.7.34031.279
MinimumVisualStudioVersion = 10.0.40219.1
Project("{FAE04EC0-301F-11D3-BF4B-00C04F79EFBC}") = "24. Abstract", "24. Abstract\24. Abstract.csproj", "{0B339035-9746-40FC-89B8-03FB94CCB718}"
EndProject
Global
	GlobalSection(SolutionConfigurationPlatforms) = preSolution
		Debug|Any CPU = Debug|Any CPU
		Release|Any CPU = Release|Any CPU
	EndGlobalSection
	GlobalSection(ProjectConfigurationPlatforms) = postSolution
		{0B339035-9746-40FC-89B8-03FB94CCB718}.Debug|Any CPU.ActiveCfg = Debug|Any CPU
		{0B339035-9746-40FC-89B8-03FB94CCB718}.Debug|Any CPU.Build.0 = Debug|Any CPU
		{0B339035-9746-40FC-89B8-03FB94CCB718}.Release|Any CPU.ActiveCfg = Release|Any CPU
		{0B339035-9746-40FC-89B8-03FB94CCB718}.Release|Any CPU.Build.0 = Release|Any CPU
	EndGlobalSection
	GlobalSection(SolutionProperties) = preSolution
		HideSolutionNode = FALSE
	EndGlobalSection
	GlobalSection(ExtensibilityGlobals) = postSolution
		SolutionGuid = {A0E08071-924F-44F5-B07B-63AA3BE2C2A9}
	EndGlobalSection
EndGlobal
